
Microsoft Visual Studio Solution File, Format Version 12.00
# Visual Studio Version 17
VisualStudioVersion = 17.10.35122.118
MinimumVisualStudioVersion = 10.0.40219.1
Project("{2150E333-8FDC-42A3-9474-1A3956D46DE8}") = "HotelDirectory.Hotel.Service", "HotelDirectory.Hotel.Service", "{7A078FAA-94F0-4276-BE45-72B202DBA378}"
EndProject
Project("{2150E333-8FDC-42A3-9474-1A3956D46DE8}") = "HotelDirectory.Reporting.Service", "HotelDirectory.Reporting.Service", "{5D2C606D-A3E2-4C9C-8AC0-9070F2C88432}"
EndProject
Project("{9A19103F-16F7-4668-BE54-9A1E7A4F7556}") = "HotelDirectory.Hotel.Service.Application", "HotelDirectory.Hotel.Service.Application\HotelDirectory.Hotel.Service.Application.csproj", "{DBE6389F-7167-42FA-BDC3-CFC29B6AEE34}"
EndProject
Project("{9A19103F-16F7-4668-BE54-9A1E7A4F7556}") = "HotelDirectory.Hotel.Service.Infrastructure", "HotelDirectory.Hotel.Service.Infrastruct\HotelDirectory.Hotel.Service.Infrastructure.csproj", "{B4D46B1E-A1EF-4FF4-9EC5-A1EDE299EC69}"
EndProject
Project("{9A19103F-16F7-4668-BE54-9A1E7A4F7556}") = "HotelDirectory.Hotel.Service.Business", "HotelDirectory.Hotel.Service.Business\HotelDirectory.Hotel.Service.Business.csproj", "{F15DBF25-2B38-4609-8CD4-4B49ECEFC9AA}"
EndProject
Project("{9A19103F-16F7-4668-BE54-9A1E7A4F7556}") = "HotelDirectory.Reporting.Service.Application", "HotelDirectory.Reporting.Service.Application\HotelDirectory.Reporting.Service.Application.csproj", "{554A5A0A-CE92-4733-8970-DB948C5DDC17}"
EndProject
Project("{9A19103F-16F7-4668-BE54-9A1E7A4F7556}") = "HotelDirectory.Reporting.Service.Business", "HotelDirectory.Reporting.Service.Business\HotelDirectory.Reporting.Service.Business.csproj", "{D150E75A-87A4-4EA4-B940-BA56106221D5}"
EndProject
Project("{9A19103F-16F7-4668-BE54-9A1E7A4F7556}") = "HotelDirectory.Reporting.Service.Infrastructure", "HotelDirectory.Reporting.Service.Infrastructure\HotelDirectory.Reporting.Service.Infrastructure.csproj", "{F418591A-4B1A-4FC6-A9E5-B45029222DE6}"
EndProject
Project("{9A19103F-16F7-4668-BE54-9A1E7A4F7556}") = "HotelDirectory.Reporting.Service.Consumer", "HotelDirectory.Reporting.Service.Consumer\HotelDirectory.Reporting.Service.Consumer.csproj", "{1845ACFF-4761-4689-9F64-1506A25E578A}"
EndProject
Project("{2150E333-8FDC-42A3-9474-1A3956D46DE8}") = "HotelDirectory.Test", "HotelDirectory.Test", "{AD9ABBF1-44BB-4906-896F-1042E3182E08}"
EndProject
Project("{9A19103F-16F7-4668-BE54-9A1E7A4F7556}") = "HotelDirectory.Test", "HotelDirectory.Test\HotelDirectory.Test.csproj", "{34212659-0A0F-4A60-8FD1-CAB4F660318E}"
EndProject
Project("{2150E333-8FDC-42A3-9474-1A3956D46DE8}") = "HotelDirectory.Shared", "HotelDirectory.Shared", "{5BBAC561-7C90-4E29-90A0-3C89C91806E4}"
EndProject
Project("{9A19103F-16F7-4668-BE54-9A1E7A4F7556}") = "HotelDirectory.Shared.ElasticSearch", "HotelDirectory.Shared.ElasticSearch\HotelDirectory.Shared.ElasticSearch.csproj", "{950249F6-001C-49EE-A240-5ECB39FC9E88}"
EndProject
Project("{9A19103F-16F7-4668-BE54-9A1E7A4F7556}") = "HotelDirectory.Shared.Common", "HotelDirectory.Shared.Common\HotelDirectory.Shared.Common.csproj", "{9851CDE9-9A99-4A67-A23C-EA0BF1E385CE}"
EndProject
Global
	GlobalSection(SolutionConfigurationPlatforms) = preSolution
		Debug|Any CPU = Debug|Any CPU
		Release|Any CPU = Release|Any CPU
	EndGlobalSection
	GlobalSection(ProjectConfigurationPlatforms) = postSolution
		{DBE6389F-7167-42FA-BDC3-CFC29B6AEE34}.Debug|Any CPU.ActiveCfg = Debug|Any CPU
		{DBE6389F-7167-42FA-BDC3-CFC29B6AEE34}.Debug|Any CPU.Build.0 = Debug|Any CPU
		{DBE6389F-7167-42FA-BDC3-CFC29B6AEE34}.Release|Any CPU.ActiveCfg = Release|Any CPU
		{DBE6389F-7167-42FA-BDC3-CFC29B6AEE34}.Release|Any CPU.Build.0 = Release|Any CPU
		{B4D46B1E-A1EF-4FF4-9EC5-A1EDE299EC69}.Debug|Any CPU.ActiveCfg = Debug|Any CPU
		{B4D46B1E-A1EF-4FF4-9EC5-A1EDE299EC69}.Debug|Any CPU.Build.0 = Debug|Any CPU
		{B4D46B1E-A1EF-4FF4-9EC5-A1EDE299EC69}.Release|Any CPU.ActiveCfg = Release|Any CPU
		{B4D46B1E-A1EF-4FF4-9EC5-A1EDE299EC69}.Release|Any CPU.Build.0 = Release|Any CPU
		{F15DBF25-2B38-4609-8CD4-4B49ECEFC9AA}.Debug|Any CPU.ActiveCfg = Debug|Any CPU
		{F15DBF25-2B38-4609-8CD4-4B49ECEFC9AA}.Debug|Any CPU.Build.0 = Debug|Any CPU
		{F15DBF25-2B38-4609-8CD4-4B49ECEFC9AA}.Release|Any CPU.ActiveCfg = Release|Any CPU
		{F15DBF25-2B38-4609-8CD4-4B49ECEFC9AA}.Release|Any CPU.Build.0 = Release|Any CPU
		{554A5A0A-CE92-4733-8970-DB948C5DDC17}.Debug|Any CPU.ActiveCfg = Debug|Any CPU
		{554A5A0A-CE92-4733-8970-DB948C5DDC17}.Debug|Any CPU.Build.0 = Debug|Any CPU
		{554A5A0A-CE92-4733-8970-DB948C5DDC17}.Release|Any CPU.ActiveCfg = Release|Any CPU
		{554A5A0A-CE92-4733-8970-DB948C5DDC17}.Release|Any CPU.Build.0 = Release|Any CPU
		{D150E75A-87A4-4EA4-B940-BA56106221D5}.Debug|Any CPU.ActiveCfg = Debug|Any CPU
		{D150E75A-87A4-4EA4-B940-BA56106221D5}.Debug|Any CPU.Build.0 = Debug|Any CPU
		{D150E75A-87A4-4EA4-B940-BA56106221D5}.Release|Any CPU.ActiveCfg = Release|Any CPU
		{D150E75A-87A4-4EA4-B940-BA56106221D5}.Release|Any CPU.Build.0 = Release|Any CPU
		{F418591A-4B1A-4FC6-A9E5-B45029222DE6}.Debug|Any CPU.ActiveCfg = Debug|Any CPU
		{F418591A-4B1A-4FC6-A9E5-B45029222DE6}.Debug|Any CPU.Build.0 = Debug|Any CPU
		{F418591A-4B1A-4FC6-A9E5-B45029222DE6}.Release|Any CPU.ActiveCfg = Release|Any CPU
		{F418591A-4B1A-4FC6-A9E5-B45029222DE6}.Release|Any CPU.Build.0 = Release|Any CPU
		{1845ACFF-4761-4689-9F64-1506A25E578A}.Debug|Any CPU.ActiveCfg = Debug|Any CPU
		{1845ACFF-4761-4689-9F64-1506A25E578A}.Debug|Any CPU.Build.0 = Debug|Any CPU
		{1845ACFF-4761-4689-9F64-1506A25E578A}.Release|Any CPU.ActiveCfg = Release|Any CPU
		{1845ACFF-4761-4689-9F64-1506A25E578A}.Release|Any CPU.Build.0 = Release|Any CPU
		{34212659-0A0F-4A60-8FD1-CAB4F660318E}.Debug|Any CPU.ActiveCfg = Debug|Any CPU
		{34212659-0A0F-4A60-8FD1-CAB4F660318E}.Debug|Any CPU.Build.0 = Debug|Any CPU
		{34212659-0A0F-4A60-8FD1-CAB4F660318E}.Release|Any CPU.ActiveCfg = Release|Any CPU
		{34212659-0A0F-4A60-8FD1-CAB4F660318E}.Release|Any CPU.Build.0 = Release|Any CPU
		{950249F6-001C-49EE-A240-5ECB39FC9E88}.Debug|Any CPU.ActiveCfg = Debug|Any CPU
		{950249F6-001C-49EE-A240-5ECB39FC9E88}.Debug|Any CPU.Build.0 = Debug|Any CPU
		{950249F6-001C-49EE-A240-5ECB39FC9E88}.Release|Any CPU.ActiveCfg = Release|Any CPU
		{950249F6-001C-49EE-A240-5ECB39FC9E88}.Release|Any CPU.Build.0 = Release|Any CPU
		{9851CDE9-9A99-4A67-A23C-EA0BF1E385CE}.Debug|Any CPU.ActiveCfg = Debug|Any CPU
		{9851CDE9-9A99-4A67-A23C-EA0BF1E385CE}.Debug|Any CPU.Build.0 = Debug|Any CPU
		{9851CDE9-9A99-4A67-A23C-EA0BF1E385CE}.Release|Any CPU.ActiveCfg = Release|Any CPU
		{9851CDE9-9A99-4A67-A23C-EA0BF1E385CE}.Release|Any CPU.Build.0 = Release|Any CPU
	EndGlobalSection
	GlobalSection(SolutionProperties) = preSolution
		HideSolutionNode = FALSE
	EndGlobalSection
	GlobalSection(NestedProjects) = preSolution
		{DBE6389F-7167-42FA-BDC3-CFC29B6AEE34} = {7A078FAA-94F0-4276-BE45-72B202DBA378}
		{B4D46B1E-A1EF-4FF4-9EC5-A1EDE299EC69} = {7A078FAA-94F0-4276-BE45-72B202DBA378}
		{F15DBF25-2B38-4609-8CD4-4B49ECEFC9AA} = {7A078FAA-94F0-4276-BE45-72B202DBA378}
		{554A5A0A-CE92-4733-8970-DB948C5DDC17} = {5D2C606D-A3E2-4C9C-8AC0-9070F2C88432}
		{D150E75A-87A4-4EA4-B940-BA56106221D5} = {5D2C606D-A3E2-4C9C-8AC0-9070F2C88432}
		{F418591A-4B1A-4FC6-A9E5-B45029222DE6} = {5D2C606D-A3E2-4C9C-8AC0-9070F2C88432}
		{1845ACFF-4761-4689-9F64-1506A25E578A} = {5D2C606D-A3E2-4C9C-8AC0-9070F2C88432}
		{34212659-0A0F-4A60-8FD1-CAB4F660318E} = {AD9ABBF1-44BB-4906-896F-1042E3182E08}
		{950249F6-001C-49EE-A240-5ECB39FC9E88} = {5BBAC561-7C90-4E29-90A0-3C89C91806E4}
		{9851CDE9-9A99-4A67-A23C-EA0BF1E385CE} = {5BBAC561-7C90-4E29-90A0-3C89C91806E4}
	EndGlobalSection
	GlobalSection(ExtensibilityGlobals) = postSolution
		SolutionGuid = {ABEC3852-C470-4FCA-9C0D-1B046969852D}
	EndGlobalSection
EndGlobal
